
Microsoft Visual Studio Solution File, Format Version 12.00
# Visual Studio Version 16
VisualStudioVersion = 16.0.30907.101
MinimumVisualStudioVersion = 10.0.40219.1
Project("{FAE04EC0-301F-11D3-BF4B-00C04F79EFBC}") = "ColoresGIT", "ColoresGIT\ColoresGIT.csproj", "{C32C928F-328B-4B64-9773-73F755AB7D8C}"
EndProject
Global
	GlobalSection(SolutionConfigurationPlatforms) = preSolution
		Debug|Any CPU = Debug|Any CPU
		Release|Any CPU = Release|Any CPU
	EndGlobalSection
	GlobalSection(ProjectConfigurationPlatforms) = postSolution
		{C32C928F-328B-4B64-9773-73F755AB7D8C}.Debug|Any CPU.ActiveCfg = Debug|Any CPU
		{C32C928F-328B-4B64-9773-73F755AB7D8C}.Debug|Any CPU.Build.0 = Debug|Any CPU
		{C32C928F-328B-4B64-9773-73F755AB7D8C}.Release|Any CPU.ActiveCfg = Release|Any CPU
		{C32C928F-328B-4B64-9773-73F755AB7D8C}.Release|Any CPU.Build.0 = Release|Any CPU
	EndGlobalSection
	GlobalSection(SolutionProperties) = preSolution
		HideSolutionNode = FALSE
	EndGlobalSection
	GlobalSection(ExtensibilityGlobals) = postSolution
		SolutionGuid = {335B8154-CFF4-48FD-8095-A70AF6898A28}
	EndGlobalSection
EndGlobal
